{
  "name": "bootstrap-5.0.2-dist",
  "lockfileVersion": 2,
  "requires": true,
  "packages": {
    "": {
      "dependencies": {
        "jexcel": "^4.6.1"
      }
    },
    "node_modules/jexcel": {
      "version": "4.6.1",
      "resolved": "https://registry.npmjs.org/jexcel/-/jexcel-4.6.1.tgz",
      "integrity": "sha512-vhQUAszV5MAbOKbRo3c5JHLHgrmxsU44yNhKqzWCZmi/s75vTyzP5/xJw0gLnQrGQGaH/1sUjtqU0TB9L0sQ8A==",
      "dependencies": {
        "jsuites": "^4.1.0"
      }
    },
    "node_modules/jsuites": {
      "version": "4.9.37",
      "resolved": "https://registry.npmjs.org/jsuites/-/jsuites-4.9.37.tgz",
      "integrity": "sha512-2C++8TkaXzoIVvRXK7rF2uiiDB9s2Wdm6636j8GW1OZZqSwvkDkyHnC+vs/gCvtoJqkNhBrMXgn1BdOryhO09Q=="
    }
  },
  "dependencies": {
    "jexcel": {
      "version": "4.6.1",
      "resolved": "https://registry.npmjs.org/jexcel/-/jexcel-4.6.1.tgz",
      "integrity": "sha512-vhQUAszV5MAbOKbRo3c5JHLHgrmxsU44yNhKqzWCZmi/s75vTyzP5/xJw0gLnQrGQGaH/1sUjtqU0TB9L0sQ8A==",
      "requires": {
        "jsuites": "^4.1.0"
      }
    },
    "jsuites": {
      "version": "4.9.37",
      "resolved": "https://registry.npmjs.org/jsuites/-/jsuites-4.9.37.tgz",
      "integrity": "sha512-2C++8TkaXzoIVvRXK7rF2uiiDB9s2Wdm6636j8GW1OZZqSwvkDkyHnC+vs/gCvtoJqkNhBrMXgn1BdOryhO09Q=="
    }
  }
}
